
Microsoft Visual Studio Solution File, Format Version 12.00
# Visual Studio 14
VisualStudioVersion = 14.0.25420.1
MinimumVisualStudioVersion = 10.0.40219.1
Project("{FAE04EC0-301F-11D3-BF4B-00C04F79EFBC}") = "TestDriven", "TestDriven\TestDriven.csproj", "{CF9F54A7-309C-4CE0-A528-5A8F56FDA8E5}"
EndProject
Project("{FAE04EC0-301F-11D3-BF4B-00C04F79EFBC}") = "Models", "Model\Models.csproj", "{E14884EA-CFB5-498D-833E-1DBA86728E5A}"
EndProject
Project("{FAE04EC0-301F-11D3-BF4B-00C04F79EFBC}") = "Core", "Core\Core.csproj", "{BC3D91FB-921D-427E-BBEF-22FB18C7986D}"
EndProject
Global
	GlobalSection(SolutionConfigurationPlatforms) = preSolution
		Debug|Any CPU = Debug|Any CPU
		Release|Any CPU = Release|Any CPU
	EndGlobalSection
	GlobalSection(ProjectConfigurationPlatforms) = postSolution
		{CF9F54A7-309C-4CE0-A528-5A8F56FDA8E5}.Debug|Any CPU.ActiveCfg = Debug|Any CPU
		{CF9F54A7-309C-4CE0-A528-5A8F56FDA8E5}.Debug|Any CPU.Build.0 = Debug|Any CPU
		{CF9F54A7-309C-4CE0-A528-5A8F56FDA8E5}.Release|Any CPU.ActiveCfg = Release|Any CPU
		{CF9F54A7-309C-4CE0-A528-5A8F56FDA8E5}.Release|Any CPU.Build.0 = Release|Any CPU
		{E14884EA-CFB5-498D-833E-1DBA86728E5A}.Debug|Any CPU.ActiveCfg = Debug|Any CPU
		{E14884EA-CFB5-498D-833E-1DBA86728E5A}.Debug|Any CPU.Build.0 = Debug|Any CPU
		{E14884EA-CFB5-498D-833E-1DBA86728E5A}.Release|Any CPU.ActiveCfg = Release|Any CPU
		{E14884EA-CFB5-498D-833E-1DBA86728E5A}.Release|Any CPU.Build.0 = Release|Any CPU
		{BC3D91FB-921D-427E-BBEF-22FB18C7986D}.Debug|Any CPU.ActiveCfg = Debug|Any CPU
		{BC3D91FB-921D-427E-BBEF-22FB18C7986D}.Debug|Any CPU.Build.0 = Debug|Any CPU
		{BC3D91FB-921D-427E-BBEF-22FB18C7986D}.Release|Any CPU.ActiveCfg = Release|Any CPU
		{BC3D91FB-921D-427E-BBEF-22FB18C7986D}.Release|Any CPU.Build.0 = Release|Any CPU
	EndGlobalSection
	GlobalSection(SolutionProperties) = preSolution
		HideSolutionNode = FALSE
	EndGlobalSection
	GlobalSection(TeamFoundationVersionControl) = preSolution
		SccNumberOfProjects = 4
		SccEnterpriseProvider = {4CA58AB2-18FA-4F8D-95D4-32DDF27D184C}
		SccTeamFoundationServer = https://kthaneer.visualstudio.com/
		SccLocalPath0 = .
		SccProjectUniqueName1 = Core\\Core.csproj
		SccProjectName1 = Core
		SccLocalPath1 = Core
		SccProjectUniqueName2 = Model\\Models.csproj
		SccProjectName2 = Model
		SccLocalPath2 = Model
		SccProjectUniqueName3 = TestDriven\\TestDriven.csproj
		SccProjectName3 = TestDriven
		SccLocalPath3 = TestDriven
	EndGlobalSection
EndGlobal
